// !$*UTF8*$!
{
	archiveVersion = 1;
	classes = {
	};
	objectVersion = 50;
	objects = {

/* Begin PBXBuildFile section */
		7A3514BA29B53E2C00DDDC59 /* AppDelegate.swift in Sources */ = {isa = PBXBuildFile; fileRef = 7A3514B929B53E2C00DDDC59 /* AppDelegate.swift */; };
		7A3514BC29B53E2C00DDDC59 /* SceneDelegate.swift in Sources */ = {isa = PBXBuildFile; fileRef = 7A3514BB29B53E2C00DDDC59 /* SceneDelegate.swift */; };
		7A3514BE29B53E2C00DDDC59 /* ViewController.swift in Sources */ = {isa = PBXBuildFile; fileRef = 7A3514BD29B53E2C00DDDC59 /* ViewController.swift */; };
		7A3514C129B53E2C00DDDC59 /* Main.storyboard in Resources */ = {isa = PBXBuildFile; fileRef = 7A3514BF29B53E2C00DDDC59 /* Main.storyboard */; };
		7A3514C329B53E2E00DDDC59 /* Assets.xcassets in Resources */ = {isa = PBXBuildFile; fileRef = 7A3514C229B53E2E00DDDC59 /* Assets.xcassets */; };
		7A3514C629B53E2E00DDDC59 /* LaunchScreen.storyboard in Resources */ = {isa = PBXBuildFile; fileRef = 7A3514C429B53E2E00DDDC59 /* LaunchScreen.storyboard */; };
		7A3514D129B53E2E00DDDC59 /* _200505024SelimTekinTests.swift in Sources */ = {isa = PBXBuildFile; fileRef = 7A3514D029B53E2E00DDDC59 /* _200505024SelimTekinTests.swift */; };
		7A3514DC29B53E2E00DDDC59 /* _200505024SelimTekinUITests.swift in Sources */ = {isa = PBXBuildFile; fileRef = 7A3514DB29B53E2E00DDDC59 /* _200505024SelimTekinUITests.swift */; };
		7A3514ED29B548A700DDDC59 /* ResultViewController.swift in Sources */ = {isa = PBXBuildFile; fileRef = 7A3514EC29B548A700DDDC59 /* ResultViewController.swift */; };
/* End PBXBuildFile section */

/* Begin PBXContainerItemProxy section */
		7A3514CD29B53E2E00DDDC59 /* PBXContainerItemProxy */ = {
			isa = PBXContainerItemProxy;
			containerPortal = 7A3514AE29B53E2C00DDDC59 /* Project object */;
			proxyType = 1;
			remoteGlobalIDString = 7A3514B529B53E2C00DDDC59;
			remoteInfo = 1200505024SelimTekin;
		};
		7A3514D829B53E2E00DDDC59 /* PBXContainerItemProxy */ = {
			isa = PBXContainerItemProxy;
			containerPortal = 7A3514AE29B53E2C00DDDC59 /* Project object */;
			proxyType = 1;
			remoteGlobalIDString = 7A3514B529B53E2C00DDDC59;
			remoteInfo = 1200505024SelimTekin;
		};
/* End PBXContainerItemProxy section */

/* Begin PBXFileReference section */
		7A3514B629B53E2C00DDDC59 /* 1200505024SelimTekin.app */ = {isa = PBXFileReference; explicitFileType = wrapper.application; includeInIndex = 0; path = 1200505024SelimTekin.app; sourceTree = BUILT_PRODUCTS_DIR; };
		7A3514B929B53E2C00DDDC59 /* AppDelegate.swift */ = {isa = PBXFileReference; lastKnownFileType = sourcecode.swift; path = AppDelegate.swift; sourceTree = "<group>"; };
		7A3514BB29B53E2C00DDDC59 /* SceneDelegate.swift */ = {isa = PBXFileReference; lastKnownFileType = sourcecode.swift; path = SceneDelegate.swift; sourceTree = "<group>"; };
		7A3514BD29B53E2C00DDDC59 /* ViewController.swift */ = {isa = PBXFileReference; lastKnownFileType = sourcecode.swift; path = ViewController.swift; sourceTree = "<group>"; };
		7A3514C029B53E2C00DDDC59 /* Base */ = {isa = PBXFileReference; lastKnownFileType = file.storyboard; name = Base; path = Base.lproj/Main.storyboard; sourceTree = "<group>"; };
		7A3514C229B53E2E00DDDC59 /* Assets.xcassets */ = {isa = PBXFileReference; lastKnownFileType = folder.assetcatalog; path = Assets.xcassets; sourceTree = "<group>"; };
		7A3514C529B53E2E00DDDC59 /* Base */ = {isa = PBXFileReference; lastKnownFileType = file.storyboard; name = Base; path = Base.lproj/LaunchScreen.storyboard; sourceTree = "<group>"; };
		7A3514C729B53E2E00DDDC59 /* Info.plist */ = {isa = PBXFileReference; lastKnownFileType = text.plist.xml; path = Info.plist; sourceTree = "<group>"; };
		7A3514CC29B53E2E00DDDC59 /* 1200505024SelimTekinTests.xctest */ = {isa = PBXFileReference; explicitFileType = wrapper.cfbundle; includeInIndex = 0; path = 1200505024SelimTekinTests.xctest; sourceTree = BUILT_PRODUCTS_DIR; };
		7A3514D029B53E2E00DDDC59 /* _200505024SelimTekinTests.swift */ = {isa = PBXFileReference; lastKnownFileType = sourcecode.swift; path = _200505024SelimTekinTests.swift; sourceTree = "<group>"; };
		7A3514D229B53E2E00DDDC59 /* Info.plist */ = {isa = PBXFileReference; lastKnownFileType = text.plist.xml; path = Info.plist; sourceTree = "<group>"; };
		7A3514D729B53E2E00DDDC59 /* 1200505024SelimTekinUITests.xctest */ = {isa = PBXFileReference; explicitFileType = wrapper.cfbundle; includeInIndex = 0; path = 1200505024SelimTekinUITests.xctest; sourceTree = BUILT_PRODUCTS_DIR; };
		7A3514DB29B53E2E00DDDC59 /* _200505024SelimTekinUITests.swift */ = {isa = PBXFileReference; lastKnownFileType = sourcecode.swift; path = _200505024SelimTekinUITests.swift; sourceTree = "<group>"; };
		7A3514DD29B53E2E00DDDC59 /* Info.plist */ = {isa = PBXFileReference; lastKnownFileType = text.plist.xml; path = Info.plist; sourceTree = "<group>"; };
		7A3514EC29B548A700DDDC59 /* ResultViewController.swift */ = {isa = PBXFileReference; lastKnownFileType = sourcecode.swift; path = ResultViewController.swift; sourceTree = "<group>"; };
/* End PBXFileReference section */

/* Begin PBXFrameworksBuildPhase section */
		7A3514B329B53E2C00DDDC59 /* Frameworks */ = {
			isa = PBXFrameworksBuildPhase;
			buildActionMask = 2147483647;
			files = (
			);
			runOnlyForDeploymentPostprocessing = 0;
		};
		7A3514C929B53E2E00DDDC59 /* Frameworks */ = {
			isa = PBXFrameworksBuildPhase;
			buildActionMask = 2147483647;
			files = (
			);
			runOnlyForDeploymentPostprocessing = 0;
		};
		7A3514D429B53E2E00DDDC59 /* Frameworks */ = {
			isa = PBXFrameworksBuildPhase;
			buildActionMask = 2147483647;
			files = (
			);
			runOnlyForDeploymentPostprocessing = 0;
		};
/* End PBXFrameworksBuildPhase section */

/* Begin PBXGroup section */
		7A3514AD29B53E2C00DDDC59 = {
			isa = PBXGroup;
			children = (
				7A3514B829B53E2C00DDDC59 /* 1200505024SelimTekin */,
				7A3514CF29B53E2E00DDDC59 /* 1200505024SelimTekinTests */,
				7A3514DA29B53E2E00DDDC59 /* 1200505024SelimTekinUITests */,
				7A3514B729B53E2C00DDDC59 /* Products */,
			);
			sourceTree = "<group>";
		};
		7A3514B729B53E2C00DDDC59 /* Products */ = {
			isa = PBXGroup;
			children = (
				7A3514B629B53E2C00DDDC59 /* 1200505024SelimTekin.app */,
				7A3514CC29B53E2E00DDDC59 /* 1200505024SelimTekinTests.xctest */,
				7A3514D729B53E2E00DDDC59 /* 1200505024SelimTekinUITests.xctest */,
			);
			name = Products;
			sourceTree = "<group>";
		};
		7A3514B829B53E2C00DDDC59 /* 1200505024SelimTekin */ = {
			isa = PBXGroup;
			children = (
				7A3514B929B53E2C00DDDC59 /* AppDelegate.swift */,
				7A3514BB29B53E2C00DDDC59 /* SceneDelegate.swift */,
				7A3514BD29B53E2C00DDDC59 /* ViewController.swift */,
				7A3514BF29B53E2C00DDDC59 /* Main.storyboard */,
				7A3514EC29B548A700DDDC59 /* ResultViewController.swift */,
				7A3514C229B53E2E00DDDC59 /* Assets.xcassets */,
				7A3514C429B53E2E00DDDC59 /* LaunchScreen.storyboard */,
				7A3514C729B53E2E00DDDC59 /* Info.plist */,
			);
			path = 1200505024SelimTekin;
			sourceTree = "<group>";
		};
		7A3514CF29B53E2E00DDDC59 /* 1200505024SelimTekinTests */ = {
			isa = PBXGroup;
			children = (
				7A3514D029B53E2E00DDDC59 /* _200505024SelimTekinTests.swift */,
				7A3514D229B53E2E00DDDC59 /* Info.plist */,
			);
			path = 1200505024SelimTekinTests;
			sourceTree = "<group>";
		};
		7A3514DA29B53E2E00DDDC59 /* 1200505024SelimTekinUITests */ = {
			isa = PBXGroup;
			children = (
				7A3514DB29B53E2E00DDDC59 /* _200505024SelimTekinUITests.swift */,
				7A3514DD29B53E2E00DDDC59 /* Info.plist */,
			);
			path = 1200505024SelimTekinUITests;
			sourceTree = "<group>";
		};
/* End PBXGroup section */

/* Begin PBXNativeTarget section */
		7A3514B529B53E2C00DDDC59 /* 1200505024SelimTekin */ = {
			isa = PBXNativeTarget;
			buildConfigurationList = 7A3514E029B53E2E00DDDC59 /* Build configuration list for PBXNativeTarget "1200505024SelimTekin" */;
			buildPhases = (
				7A3514B229B53E2C00DDDC59 /* Sources */,
				7A3514B329B53E2C00DDDC59 /* Frameworks */,
				7A3514B429B53E2C00DDDC59 /* Resources */,
			);
			buildRules = (
			);
			dependencies = (
			);
			name = 1200505024SelimTekin;
			productName = 1200505024SelimTekin;
			productReference = 7A3514B629B53E2C00DDDC59 /* 1200505024SelimTekin.app */;
			productType = "com.apple.product-type.application";
		};
		7A3514CB29B53E2E00DDDC59 /* 1200505024SelimTekinTests */ = {
			isa = PBXNativeTarget;
			buildConfigurationList = 7A3514E329B53E2E00DDDC59 /* Build configuration list for PBXNativeTarget "1200505024SelimTekinTests" */;
			buildPhases = (
				7A3514C829B53E2E00DDDC59 /* Sources */,
				7A3514C929B53E2E00DDDC59 /* Frameworks */,
				7A3514CA29B53E2E00DDDC59 /* Resources */,
			);
			buildRules = (
			);
			dependencies = (
				7A3514CE29B53E2E00DDDC59 /* PBXTargetDependency */,
			);
			name = 1200505024SelimTekinTests;
			productName = 1200505024SelimTekinTests;
			productReference = 7A3514CC29B53E2E00DDDC59 /* 1200505024SelimTekinTests.xctest */;
			productType = "com.apple.product-type.bundle.unit-test";
		};
		7A3514D629B53E2E00DDDC59 /* 1200505024SelimTekinUITests */ = {
			isa = PBXNativeTarget;
			buildConfigurationList = 7A3514E629B53E2E00DDDC59 /* Build configuration list for PBXNativeTarget "1200505024SelimTekinUITests" */;
			buildPhases = (
				7A3514D329B53E2E00DDDC59 /* Sources */,
				7A3514D429B53E2E00DDDC59 /* Frameworks */,
				7A3514D529B53E2E00DDDC59 /* Resources */,
			);
			buildRules = (
			);
			dependencies = (
				7A3514D929B53E2E00DDDC59 /* PBXTargetDependency */,
			);
			name = 1200505024SelimTekinUITests;
			productName = 1200505024SelimTekinUITests;
			productReference = 7A3514D729B53E2E00DDDC59 /* 1200505024SelimTekinUITests.xctest */;
			productType = "com.apple.product-type.bundle.ui-testing";
		};
/* End PBXNativeTarget section */

/* Begin PBXProject section */
		7A3514AE29B53E2C00DDDC59 /* Project object */ = {
			isa = PBXProject;
			attributes = {
				LastSwiftUpdateCheck = 1200;
				LastUpgradeCheck = 1200;
				TargetAttributes = {
					7A3514B529B53E2C00DDDC59 = {
						CreatedOnToolsVersion = 12.0.1;
					};
					7A3514CB29B53E2E00DDDC59 = {
						CreatedOnToolsVersion = 12.0.1;
						TestTargetID = 7A3514B529B53E2C00DDDC59;
					};
					7A3514D629B53E2E00DDDC59 = {
						CreatedOnToolsVersion = 12.0.1;
						TestTargetID = 7A3514B529B53E2C00DDDC59;
					};
				};
			};
			buildConfigurationList = 7A3514B129B53E2C00DDDC59 /* Build configuration list for PBXProject "1200505024SelimTekin" */;
			compatibilityVersion = "Xcode 9.3";
			developmentRegion = en;
			hasScannedForEncodings = 0;
			knownRegions = (
				en,
				Base,
			);
			mainGroup = 7A3514AD29B53E2C00DDDC59;
			productRefGroup = 7A3514B729B53E2C00DDDC59 /* Products */;
			projectDirPath = "";
			projectRoot = "";
			targets = (
				7A3514B529B53E2C00DDDC59 /* 1200505024SelimTekin */,
				7A3514CB29B53E2E00DDDC59 /* 1200505024SelimTekinTests */,
				7A3514D629B53E2E00DDDC59 /* 1200505024SelimTekinUITests */,
			);
		};
/* End PBXProject section */

/* Begin PBXResourcesBuildPhase section */
		7A3514B429B53E2C00DDDC59 /* Resources */ = {
			isa = PBXResourcesBuildPhase;
			buildActionMask = 2147483647;
			files = (
				7A3514C629B53E2E00DDDC59 /* LaunchScreen.storyboard in Resources */,
				7A3514C329B53E2E00DDDC59 /* Assets.xcassets in Resources */,
				7A3514C129B53E2C00DDDC59 /* Main.storyboard in Resources */,
			);
			runOnlyForDeploymentPostprocessing = 0;
		};
		7A3514CA29B53E2E00DDDC59 /* Resources */ = {
			isa = PBXResourcesBuildPhase;
			buildActionMask = 2147483647;
			files = (
			);
			runOnlyForDeploymentPostprocessing = 0;
		};
		7A3514D529B53E2E00DDDC59 /* Resources */ = {
			isa = PBXResourcesBuildPhase;
			buildActionMask = 2147483647;
			files = (
			);
			runOnlyForDeploymentPostprocessing = 0;
		};
/* End PBXResourcesBuildPhase section */

/* Begin PBXSourcesBuildPhase section */
		7A3514B229B53E2C00DDDC59 /* Sources */ = {
			isa = PBXSourcesBuildPhase;
			buildActionMask = 2147483647;
			files = (
				7A3514BE29B53E2C00DDDC59 /* ViewController.swift in Sources */,
				7A3514BA29B53E2C00DDDC59 /* AppDelegate.swift in Sources */,
				7A3514BC29B53E2C00DDDC59 /* SceneDelegate.swift in Sources */,
				7A3514ED29B548A700DDDC59 /* ResultViewController.swift in Sources */,
			);
			runOnlyForDeploymentPostprocessing = 0;
		};
		7A3514C829B53E2E00DDDC59 /* Sources */ = {
			isa = PBXSourcesBuildPhase;
			buildActionMask = 2147483647;
			files = (
				7A3514D129B53E2E00DDDC59 /* _200505024SelimTekinTests.swift in Sources */,
			);
			runOnlyForDeploymentPostprocessing = 0;
		};
		7A3514D329B53E2E00DDDC59 /* Sources */ = {
			isa = PBXSourcesBuildPhase;
			buildActionMask = 2147483647;
			files = (
				7A3514DC29B53E2E00DDDC59 /* _200505024SelimTekinUITests.swift in Sources */,
			);
			runOnlyForDeploymentPostprocessing = 0;
		};
/* End PBXSourcesBuildPhase section */

/* Begin PBXTargetDependency section */
		7A3514CE29B53E2E00DDDC59 /* PBXTargetDependency */ = {
			isa = PBXTargetDependency;
			target = 7A3514B529B53E2C00DDDC59 /* 1200505024SelimTekin */;
			targetProxy = 7A3514CD29B53E2E00DDDC59 /* PBXContainerItemProxy */;
		};
		7A3514D929B53E2E00DDDC59 /* PBXTargetDependency */ = {
			isa = PBXTargetDependency;
			target = 7A3514B529B53E2C00DDDC59 /* 1200505024SelimTekin */;
			targetProxy = 7A3514D829B53E2E00DDDC59 /* PBXContainerItemProxy */;
		};
/* End PBXTargetDependency section */

/* Begin PBXVariantGroup section */
		7A3514BF29B53E2C00DDDC59 /* Main.storyboard */ = {
			isa = PBXVariantGroup;
			children = (
				7A3514C029B53E2C00DDDC59 /* Base */,
			);
			name = Main.storyboard;
			sourceTree = "<group>";
		};
		7A3514C429B53E2E00DDDC59 /* LaunchScreen.storyboard */ = {
			isa = PBXVariantGroup;
			children = (
				7A3514C529B53E2E00DDDC59 /* Base */,
			);
			name = LaunchScreen.storyboard;
			sourceTree = "<group>";
		};
/* End PBXVariantGroup section */

/* Begin XCBuildConfiguration section */
		7A3514DE29B53E2E00DDDC59 /* Debug */ = {
			isa = XCBuildConfiguration;
			buildSettings = {
				ALWAYS_SEARCH_USER_PATHS = NO;
				CLANG_ANALYZER_NONNULL = YES;
				CLANG_ANALYZER_NUMBER_OBJECT_CONVERSION = YES_AGGRESSIVE;
				CLANG_CXX_LANGUAGE_STANDARD = "gnu++14";
				CLANG_CXX_LIBRARY = "libc++";
				CLANG_ENABLE_MODULES = YES;
				CLANG_ENABLE_OBJC_ARC = YES;
				CLANG_ENABLE_OBJC_WEAK = YES;
				CLANG_WARN_BLOCK_CAPTURE_AUTORELEASING = YES;
				CLANG_WARN_BOOL_CONVERSION = YES;
				CLANG_WARN_COMMA = YES;
				CLANG_WARN_CONSTANT_CONVERSION = YES;
				CLANG_WARN_DEPRECATED_OBJC_IMPLEMENTATIONS = YES;
				CLANG_WARN_DIRECT_OBJC_ISA_USAGE = YES_ERROR;
				CLANG_WARN_DOCUMENTATION_COMMENTS = YES;
				CLANG_WARN_EMPTY_BODY = YES;
				CLANG_WARN_ENUM_CONVERSION = YES;
				CLANG_WARN_INFINITE_RECURSION = YES;
				CLANG_WARN_INT_CONVERSION = YES;
				CLANG_WARN_NON_LITERAL_NULL_CONVERSION = YES;
				CLANG_WARN_OBJC_IMPLICIT_RETAIN_SELF = YES;
				CLANG_WARN_OBJC_LITERAL_CONVERSION = YES;
				CLANG_WARN_OBJC_ROOT_CLASS = YES_ERROR;
				CLANG_WARN_QUOTED_INCLUDE_IN_FRAMEWORK_HEADER = YES;
				CLANG_WARN_RANGE_LOOP_ANALYSIS = YES;
				CLANG_WARN_STRICT_PROTOTYPES = YES;
				CLANG_WARN_SUSPICIOUS_MOVE = YES;
				CLANG_WARN_UNGUARDED_AVAILABILITY = YES_AGGRESSIVE;
				CLANG_WARN_UNREACHABLE_CODE = YES;
				CLANG_WARN__DUPLICATE_METHOD_MATCH = YES;
				COPY_PHASE_STRIP = NO;
				DEBUG_INFORMATION_FORMAT = dwarf;
				ENABLE_STRICT_OBJC_MSGSEND = YES;
				ENABLE_TESTABILITY = YES;
				GCC_C_LANGUAGE_STANDARD = gnu11;
				GCC_DYNAMIC_NO_PIC = NO;
				GCC_NO_COMMON_BLOCKS = YES;
				GCC_OPTIMIZATION_LEVEL = 0;
				GCC_PREPROCESSOR_DEFINITIONS = (
					"DEBUG=1",
					"$(inherited)",
				);
				GCC_WARN_64_TO_32_BIT_CONVERSION = YES;
				GCC_WARN_ABOUT_RETURN_TYPE = YES_ERROR;
				GCC_WARN_UNDECLARED_SELECTOR = YES;
				GCC_WARN_UNINITIALIZED_AUTOS = YES_AGGRESSIVE;
				GCC_WARN_UNUSED_FUNCTION = YES;
				GCC_WARN_UNUSED_VARIABLE = YES;
				IPHONEOS_DEPLOYMENT_TARGET = 14.0;
				MTL_ENABLE_DEBUG_INFO = INCLUDE_SOURCE;
				MTL_FAST_MATH = YES;
				ONLY_ACTIVE_ARCH = YES;
				SDKROOT = iphoneos;
				SWIFT_ACTIVE_COMPILATION_CONDITIONS = DEBUG;
				SWIFT_OPTIMIZATION_LEVEL = "-Onone";
			};
			name = Debug;
		};
		7A3514DF29B53E2E00DDDC59 /* Release */ = {
			isa = XCBuildConfiguration;
			buildSettings = {
				ALWAYS_SEARCH_USER_PATHS = NO;
				CLANG_ANALYZER_NONNULL = YES;
				CLANG_ANALYZER_NUMBER_OBJECT_CONVERSION = YES_AGGRESSIVE;
				CLANG_CXX_LANGUAGE_STANDARD = "gnu++14";
				CLANG_CXX_LIBRARY = "libc++";
				CLANG_ENABLE_MODULES = YES;
				CLANG_ENABLE_OBJC_ARC = YES;
				CLANG_ENABLE_OBJC_WEAK = YES;
				CLANG_WARN_BLOCK_CAPTURE_AUTORELEASING = YES;
				CLANG_WARN_BOOL_CONVERSION = YES;
				CLANG_WARN_COMMA = YES;
				CLANG_WARN_CONSTANT_CONVERSION = YES;
				CLANG_WARN_DEPRECATED_OBJC_IMPLEMENTATIONS = YES;
				CLANG_WARN_DIRECT_OBJC_ISA_USAGE = YES_ERROR;
				CLANG_WARN_DOCUMENTATION_COMMENTS = YES;
				CLANG_WARN_EMPTY_BODY = YES;
				CLANG_WARN_ENUM_CONVERSION = YES;
				CLANG_WARN_INFINITE_RECURSION = YES;
				CLANG_WARN_INT_CONVERSION = YES;
				CLANG_WARN_NON_LITERAL_NULL_CONVERSION = YES;
				CLANG_WARN_OBJC_IMPLICIT_RETAIN_SELF = YES;
				CLANG_WARN_OBJC_LITERAL_CONVERSION = YES;
				CLANG_WARN_OBJC_ROOT_CLASS = YES_ERROR;
				CLANG_WARN_QUOTED_INCLUDE_IN_FRAMEWORK_HEADER = YES;
				CLANG_WARN_RANGE_LOOP_ANALYSIS = YES;
				CLANG_WARN_STRICT_PROTOTYPES = YES;
				CLANG_WARN_SUSPICIOUS_MOVE = YES;
				CLANG_WARN_UNGUARDED_AVAILABILITY = YES_AGGRESSIVE;
				CLANG_WARN_UNREACHABLE_CODE = YES;
				CLANG_WARN__DUPLICATE_METHOD_MATCH = YES;
				COPY_PHASE_STRIP = NO;
				DEBUG_INFORMATION_FORMAT = "dwarf-with-dsym";
				ENABLE_NS_ASSERTIONS = NO;
				ENABLE_STRICT_OBJC_MSGSEND = YES;
				GCC_C_LANGUAGE_STANDARD = gnu11;
				GCC_NO_COMMON_BLOCKS = YES;
				GCC_WARN_64_TO_32_BIT_CONVERSION = YES;
				GCC_WARN_ABOUT_RETURN_TYPE = YES_ERROR;
				GCC_WARN_UNDECLARED_SELECTOR = YES;
				GCC_WARN_UNINITIALIZED_AUTOS = YES_AGGRESSIVE;
				GCC_WARN_UNUSED_FUNCTION = YES;
				GCC_WARN_UNUSED_VARIABLE = YES;
				IPHONEOS_DEPLOYMENT_TARGET = 14.0;
				MTL_ENABLE_DEBUG_INFO = NO;
				MTL_FAST_MATH = YES;
				SDKROOT = iphoneos;
				SWIFT_COMPILATION_MODE = wholemodule;
				SWIFT_OPTIMIZATION_LEVEL = "-O";
				VALIDATE_PRODUCT = YES;
			};
			name = Release;
		};
		7A3514E129B53E2E00DDDC59 /* Debug */ = {
			isa = XCBuildConfiguration;
			buildSettings = {
				ASSETCATALOG_COMPILER_APPICON_NAME = AppIcon;
				ASSETCATALOG_COMPILER_GLOBAL_ACCENT_COLOR_NAME = AccentColor;
				CODE_SIGN_STYLE = Automatic;
				DEVELOPMENT_TEAM = H54X389YC4;
				INFOPLIST_FILE = 1200505024SelimTekin/Info.plist;
				LD_RUNPATH_SEARCH_PATHS = (
					"$(inherited)",
					"@executable_path/Frameworks",
				);
				PRODUCT_BUNDLE_IDENTIFIER = "sigfest.-200505024SelimTekin";
				PRODUCT_NAME = "$(TARGET_NAME)";
				SWIFT_VERSION = 5.0;
				TARGETED_DEVICE_FAMILY = "1,2";
			};
			name = Debug;
		};
		7A3514E229B53E2E00DDDC59 /* Release */ = {
			isa = XCBuildConfiguration;
			buildSettings = {
				ASSETCATALOG_COMPILER_APPICON_NAME = AppIcon;
				ASSETCATALOG_COMPILER_GLOBAL_ACCENT_COLOR_NAME = AccentColor;
				CODE_SIGN_STYLE = Automatic;
				DEVELOPMENT_TEAM = H54X389YC4;
				INFOPLIST_FILE = 1200505024SelimTekin/Info.plist;
				LD_RUNPATH_SEARCH_PATHS = (
					"$(inherited)",
					"@executable_path/Frameworks",
				);
				PRODUCT_BUNDLE_IDENTIFIER = "sigfest.-200505024SelimTekin";
				PRODUCT_NAME = "$(TARGET_NAME)";
				SWIFT_VERSION = 5.0;
				TARGETED_DEVICE_FAMILY = "1,2";
			};
			name = Release;
		};
		7A3514E429B53E2E00DDDC59 /* Debug */ = {
			isa = XCBuildConfiguration;
			buildSettings = {
				ALWAYS_EMBED_SWIFT_STANDARD_LIBRARIES = YES;
				BUNDLE_LOADER = "$(TEST_HOST)";
				CODE_SIGN_STYLE = Automatic;
				DEVELOPMENT_TEAM = H54X389YC4;
				INFOPLIST_FILE = 1200505024SelimTekinTests/Info.plist;
				IPHONEOS_DEPLOYMENT_TARGET = 14.0;
				LD_RUNPATH_SEARCH_PATHS = (
					"$(inherited)",
					"@executable_path/Frameworks",
					"@loader_path/Frameworks",
				);
				PRODUCT_BUNDLE_IDENTIFIER = "sigfest.-200505024SelimTekinTests";
				PRODUCT_NAME = "$(TARGET_NAME)";
				SWIFT_VERSION = 5.0;
				TARGETED_DEVICE_FAMILY = "1,2";
				TEST_HOST = "$(BUILT_PRODUCTS_DIR)/1200505024SelimTekin.app/1200505024SelimTekin";
			};
			name = Debug;
		};
		7A3514E529B53E2E00DDDC59 /* Release */ = {
			isa = XCBuildConfiguration;
			buildSettings = {
				ALWAYS_EMBED_SWIFT_STANDARD_LIBRARIES = YES;
				BUNDLE_LOADER = "$(TEST_HOST)";
				CODE_SIGN_STYLE = Automatic;
				DEVELOPMENT_TEAM = H54X389YC4;
				INFOPLIST_FILE = 1200505024SelimTekinTests/Info.plist;
				IPHONEOS_DEPLOYMENT_TARGET = 14.0;
				LD_RUNPATH_SEARCH_PATHS = (
					"$(inherited)",
					"@executable_path/Frameworks",
					"@loader_path/Frameworks",
				);
				PRODUCT_BUNDLE_IDENTIFIER = "sigfest.-200505024SelimTekinTests";
				PRODUCT_NAME = "$(TARGET_NAME)";
				SWIFT_VERSION = 5.0;
				TARGETED_DEVICE_FAMILY = "1,2";
				TEST_HOST = "$(BUILT_PRODUCTS_DIR)/1200505024SelimTekin.app/1200505024SelimTekin";
			};
			name = Release;
		};
		7A3514E729B53E2E00DDDC59 /* Debug */ = {
			isa = XCBuildConfiguration;
			buildSettings = {
				ALWAYS_EMBED_SWIFT_STANDARD_LIBRARIES = YES;
				CODE_SIGN_STYLE = Automatic;
				DEVELOPMENT_TEAM = H54X389YC4;
				INFOPLIST_FILE = 1200505024SelimTekinUITests/Info.plist;
				LD_RUNPATH_SEARCH_PATHS = (
					"$(inherited)",
					"@executable_path/Frameworks",
					"@loader_path/Frameworks",
				);
				PRODUCT_BUNDLE_IDENTIFIER = "sigfest.-200505024SelimTekinUITests";
				PRODUCT_NAME = "$(TARGET_NAME)";
				SWIFT_VERSION = 5.0;
				TARGETED_DEVICE_FAMILY = "1,2";
				TEST_TARGET_NAME = 1200505024SelimTekin;
			};
			name = Debug;
		};
		7A3514E829B53E2E00DDDC59 /* Release */ = {
			isa = XCBuildConfiguration;
			buildSettings = {
				ALWAYS_EMBED_SWIFT_STANDARD_LIBRARIES = YES;
				CODE_SIGN_STYLE = Automatic;
				DEVELOPMENT_TEAM = H54X389YC4;
				INFOPLIST_FILE = 1200505024SelimTekinUITests/Info.plist;
				LD_RUNPATH_SEARCH_PATHS = (
					"$(inherited)",
					"@executable_path/Frameworks",
					"@loader_path/Frameworks",
				);
				PRODUCT_BUNDLE_IDENTIFIER = "sigfest.-200505024SelimTekinUITests";
				PRODUCT_NAME = "$(TARGET_NAME)";
				SWIFT_VERSION = 5.0;
				TARGETED_DEVICE_FAMILY = "1,2";
				TEST_TARGET_NAME = 1200505024SelimTekin;
			};
			name = Release;
		};
/* End XCBuildConfiguration section */

/* Begin XCConfigurationList section */
		7A3514B129B53E2C00DDDC59 /* Build configuration list for PBXProject "1200505024SelimTekin" */ = {
			isa = XCConfigurationList;
			buildConfigurations = (
				7A3514DE29B53E2E00DDDC59 /* Debug */,
				7A3514DF29B53E2E00DDDC59 /* Release */,
			);
			defaultConfigurationIsVisible = 0;
			defaultConfigurationName = Release;
		};
		7A3514E029B53E2E00DDDC59 /* Build configuration list for PBXNativeTarget "1200505024SelimTekin" */ = {
			isa = XCConfigurationList;
			buildConfigurations = (
				7A3514E129B53E2E00DDDC59 /* Debug */,
				7A3514E229B53E2E00DDDC59 /* Release */,
			);
			defaultConfigurationIsVisible = 0;
			defaultConfigurationName = Release;
		};
		7A3514E329B53E2E00DDDC59 /* Build configuration list for PBXNativeTarget "1200505024SelimTekinTests" */ = {
			isa = XCConfigurationList;
			buildConfigurations = (
				7A3514E429B53E2E00DDDC59 /* Debug */,
				7A3514E529B53E2E00DDDC59 /* Release */,
			);
			defaultConfigurationIsVisible = 0;
			defaultConfigurationName = Release;
		};
		7A3514E629B53E2E00DDDC59 /* Build configuration list for PBXNativeTarget "1200505024SelimTekinUITests" */ = {
			isa = XCConfigurationList;
			buildConfigurations = (
				7A3514E729B53E2E00DDDC59 /* Debug */,
				7A3514E829B53E2E00DDDC59 /* Release */,
			);
			defaultConfigurationIsVisible = 0;
			defaultConfigurationName = Release;
		};
/* End XCConfigurationList section */
	};
	rootObject = 7A3514AE29B53E2C00DDDC59 /* Project object */;
}
